{
  "originHash" : "736dc475ebf601a21a94d51e7de1d843048eec4faf9d524074a3a2e1bc04b82c",
  "pins" : [
    {
      "identity" : "swift-whatwg-url-encoding",
      "kind" : "remoteSourceControl",
      "location" : "https://github.com/swift-standards/swift-whatwg-url-encoding.git",
      "state" : {
        "revision" : "7f9243df876809c498367b01341f66ff9bbe6050",
        "version" : "0.1.0"
      }
    }
  ],
  "version" : 3
}
